
Microsoft Visual Studio Solution File, Format Version 12.00
# Visual Studio Version 17
VisualStudioVersion = 17.3.32825.248
MinimumVisualStudioVersion = 10.0.40219.1
Project("{FAE04EC0-301F-11D3-BF4B-00C04F79EFBC}") = "Dmail.Presentation", "Dmail.Presentation.csproj", "{690636C2-876D-4DB0-812E-8B360472B0A7}"
EndProject
Project("{FAE04EC0-301F-11D3-BF4B-00C04F79EFBC}") = "Dmail.Domain", "..\Dmail.Domain\Dmail.Domain.csproj", "{F5FFC3B9-723E-4D08-A4C5-9086BBC269C3}"
EndProject
Project("{FAE04EC0-301F-11D3-BF4B-00C04F79EFBC}") = "Dmail.Data", "..\Dmail.Data\Dmail.Data.csproj", "{FFDF632B-D362-4A76-B36E-E8C0C65F8656}"
EndProject
Global
	GlobalSection(SolutionConfigurationPlatforms) = preSolution
		Debug|Any CPU = Debug|Any CPU
		Release|Any CPU = Release|Any CPU
	EndGlobalSection
	GlobalSection(ProjectConfigurationPlatforms) = postSolution
		{690636C2-876D-4DB0-812E-8B360472B0A7}.Debug|Any CPU.ActiveCfg = Debug|Any CPU
		{690636C2-876D-4DB0-812E-8B360472B0A7}.Debug|Any CPU.Build.0 = Debug|Any CPU
		{690636C2-876D-4DB0-812E-8B360472B0A7}.Release|Any CPU.ActiveCfg = Release|Any CPU
		{690636C2-876D-4DB0-812E-8B360472B0A7}.Release|Any CPU.Build.0 = Release|Any CPU
		{F5FFC3B9-723E-4D08-A4C5-9086BBC269C3}.Debug|Any CPU.ActiveCfg = Debug|Any CPU
		{F5FFC3B9-723E-4D08-A4C5-9086BBC269C3}.Debug|Any CPU.Build.0 = Debug|Any CPU
		{F5FFC3B9-723E-4D08-A4C5-9086BBC269C3}.Release|Any CPU.ActiveCfg = Release|Any CPU
		{F5FFC3B9-723E-4D08-A4C5-9086BBC269C3}.Release|Any CPU.Build.0 = Release|Any CPU
		{FFDF632B-D362-4A76-B36E-E8C0C65F8656}.Debug|Any CPU.ActiveCfg = Debug|Any CPU
		{FFDF632B-D362-4A76-B36E-E8C0C65F8656}.Debug|Any CPU.Build.0 = Debug|Any CPU
		{FFDF632B-D362-4A76-B36E-E8C0C65F8656}.Release|Any CPU.ActiveCfg = Release|Any CPU
		{FFDF632B-D362-4A76-B36E-E8C0C65F8656}.Release|Any CPU.Build.0 = Release|Any CPU
	EndGlobalSection
	GlobalSection(SolutionProperties) = preSolution
		HideSolutionNode = FALSE
	EndGlobalSection
	GlobalSection(ExtensibilityGlobals) = postSolution
		SolutionGuid = {B4C8C6DF-39A1-4A0B-9563-15C236BAD3A4}
	EndGlobalSection
EndGlobal
